
Microsoft Visual Studio Solution File, Format Version 12.00
# Visual Studio Version 16
VisualStudioVersion = 16.0.31624.102
MinimumVisualStudioVersion = 10.0.40219.1
Project("{FAE04EC0-301F-11D3-BF4B-00C04F79EFBC}") = "Try", "Try.csproj", "{EDEE1CD5-4905-4DB0-AF2C-6F20779CDC16}"
EndProject
Global
	GlobalSection(SolutionConfigurationPlatforms) = preSolution
		Debug|Any CPU = Debug|Any CPU
		Release|Any CPU = Release|Any CPU
	EndGlobalSection
	GlobalSection(ProjectConfigurationPlatforms) = postSolution
		{EDEE1CD5-4905-4DB0-AF2C-6F20779CDC16}.Debug|Any CPU.ActiveCfg = Debug|Any CPU
		{EDEE1CD5-4905-4DB0-AF2C-6F20779CDC16}.Debug|Any CPU.Build.0 = Debug|Any CPU
		{EDEE1CD5-4905-4DB0-AF2C-6F20779CDC16}.Release|Any CPU.ActiveCfg = Release|Any CPU
		{EDEE1CD5-4905-4DB0-AF2C-6F20779CDC16}.Release|Any CPU.Build.0 = Release|Any CPU
	EndGlobalSection
	GlobalSection(SolutionProperties) = preSolution
		HideSolutionNode = FALSE
	EndGlobalSection
	GlobalSection(ExtensibilityGlobals) = postSolution
		SolutionGuid = {041A5B3F-AA8C-4463-9C05-5AE71C9A9B96}
	EndGlobalSection
EndGlobal
